
Microsoft Visual Studio Solution File, Format Version 11.00
# Visual Studio 2012
Project("{FAE04EC0-301F-11D3-BF4B-00C04F79EFBC}") = "KMMobileWindowsStore", "KMMobile\LauncherWindowsStore\Launcher.csproj", "{FA34430B-6C44-469B-9011-3B1E97502D01}" 
EndProject
Project("{FAE04EC0-301F-11D3-BF4B-00C04F79EFBC}") = "KMMobileApplicationWindowsStore", "KMMobile\KMMobileApplication\KMMobileApplicationWindowsStore.csproj", "{D5A80ED3-AFBE-413A-B11B-17D4CAD42408}" 
EndProject
Project("{FAE04EC0-301F-11D3-BF4B-00C04F79EFBC}") = "KMMobileReadersWindowsStore", "KMMobile\KMMobileReaders\KMMobileReadersWindowsStore.csproj", "{BD725B43-3FD5-4E10-B2DE-A851DD08E305}" 
EndProject
Global
	GlobalSection(SolutionConfigurationPlatforms) = preSolution
		Debug|Any CPU = Debug|Any CPU
		Release|Any CPU = Release|Any CPU
		Debug|Any CPU = Debug|Any CPU
		Release|Any CPU = Release|Any CPU
	EndGlobalSection
	GlobalSection(ProjectConfigurationPlatforms) = postSolution
		{D5A80ED3-AFBE-413A-B11B-17D4CAD42408}.Debug|Any CPU.ActiveCfg = Debug|Any CPU
		{D5A80ED3-AFBE-413A-B11B-17D4CAD42408}.Debug|Any CPU.Build.0 = Debug|Any CPU
		{D5A80ED3-AFBE-413A-B11B-17D4CAD42408}.Release|Any CPU.ActiveCfg = Release|Any CPU
		{D5A80ED3-AFBE-413A-B11B-17D4CAD42408}.Release|Any CPU.Build.0 = Release|Any CPU
		{BD725B43-3FD5-4E10-B2DE-A851DD08E305}.Debug|Any CPU.ActiveCfg = Debug|Any CPU
		{BD725B43-3FD5-4E10-B2DE-A851DD08E305}.Debug|Any CPU.Build.0 = Debug|Any CPU
		{BD725B43-3FD5-4E10-B2DE-A851DD08E305}.Release|Any CPU.ActiveCfg = Release|Any CPU
		{BD725B43-3FD5-4E10-B2DE-A851DD08E305}.Release|Any CPU.Build.0 = Release|Any CPU
		{FA34430B-6C44-469B-9011-3B1E97502D01}.Debug|Any CPU.ActiveCfg = Debug|Any CPU
		{FA34430B-6C44-469B-9011-3B1E97502D01}.Debug|Any CPU.Build.0 = Debug|Any CPU
		{FA34430B-6C44-469B-9011-3B1E97502D01}.Debug|Any CPU.Deploy.0 = Debug|Any CPU
		{FA34430B-6C44-469B-9011-3B1E97502D01}.Release|Any CPU.ActiveCfg = Release|Any CPU
		{FA34430B-6C44-469B-9011-3B1E97502D01}.Release|Any CPU.Build.0 = Release|Any CPU
		{FA34430B-6C44-469B-9011-3B1E97502D01}.Release|Any CPU.Deploy.0 = Release|Any CPU
	EndGlobalSection
	GlobalSection(SolutionProperties) = preSolution
		HideSolutionNode = FALSE
	EndGlobalSection
	GlobalSection(SpecExplorer.ActivityCompletionStatus) = preSolution
		SpecExplorer.ActivityCompletionStatus = 
	EndGlobalSection
EndGlobal

